{
  "version": 4,
  "terraform_version": "1.10.5",
  "serial": 38,
  "lineage": "ba10cfe2-caf9-b538-1872-5565403d66dc",
  "outputs": {},
  "resources": [
    {
      "mode": "managed",
      "type": "snowflake_role",
      "name": "reader",
      "provider": "provider[\"registry.terraform.io/snowflake-labs/snowflake\"]",
      "instances": [
        {
          "index_key": "DIGITALDA",
          "schema_version": 0,
          "attributes": {
            "comment": "",
            "id": "_WORKSPACE__DIGITALDA__READER",
            "name": "_WORKSPACE__DIGITALDA__READER",
            "tag": []
          },
          "sensitive_attributes": [],
          "private": "bnVsbA=="
        },
        {
          "index_key": "DIGITALDA_DBT",
          "schema_version": 0,
          "attributes": {
            "comment": "",
            "id": "_WORKSPACE__DIGITALDA_DBT__READER",
            "name": "_WORKSPACE__DIGITALDA_DBT__READER",
            "tag": []
          },
          "sensitive_attributes": [],
          "private": "bnVsbA=="
        },
        {
          "index_key": "DIGITALDA_DBT_STAGE",
          "schema_version": 0,
          "attributes": {
            "comment": "",
            "id": "_WORKSPACE__DIGITALDA_DBT_STAGE__READER",
            "name": "_WORKSPACE__DIGITALDA_DBT_STAGE__READER",
            "tag": []
          },
          "sensitive_attributes": [],
          "private": "bnVsbA=="
        },
        {
          "index_key": "DIGITALDA_STAGE",
          "schema_version": 0,
          "attributes": {
            "comment": "",
            "id": "_WORKSPACE__DIGITALDA_STAGE__READER",
            "name": "_WORKSPACE__DIGITALDA_STAGE__READER",
            "tag": []
          },
          "sensitive_attributes": [],
          "private": "bnVsbA=="
        },
        {
          "index_key": "FPNA",
          "schema_version": 0,
          "attributes": {
            "comment": "",
            "id": "_WORKSPACE__FPNA__READER",
            "name": "_WORKSPACE__FPNA__READER",
            "tag": []
          },
          "sensitive_attributes": [],
          "private": "bnVsbA=="
        },
        {
          "index_key": "RISK_STRATEGY",
          "schema_version": 0,
          "attributes": {
            "comment": "",
            "id": "_WORKSPACE__RISK_STRATEGY__READER",
            "name": "_WORKSPACE__RISK_STRATEGY__READER",
            "tag": []
          },
          "sensitive_attributes": [],
          "private": "bnVsbA=="
        },
        {
          "index_key": "SALESMKTG",
          "schema_version": 0,
          "attributes": {
            "comment": "",
            "id": "_WORKSPACE__SALESMKTG__READER",
            "name": "_WORKSPACE__SALESMKTG__READER",
            "tag": []
          },
          "sensitive_attributes": [],
          "private": "bnVsbA=="
        },
        {
          "index_key": "SALESMKTG_STAGE",
          "schema_version": 0,
          "attributes": {
            "comment": "",
            "id": "_WORKSPACE__SALESMKTG_STAGE__READER",
            "name": "_WORKSPACE__SALESMKTG_STAGE__READER",
            "tag": []
          },
          "sensitive_attributes": [],
          "private": "bnVsbA=="
        },
        {
          "index_key": "WORKSPACE_CREDIT_RISK",
          "schema_version": 0,
          "attributes": {
            "comment": "",
            "id": "_WORKSPACE__WORKSPACE_CREDIT_RISK__READER",
            "name": "_WORKSPACE__WORKSPACE_CREDIT_RISK__READER",
            "tag": []
          },
          "sensitive_attributes": [],
          "private": "bnVsbA=="
        }
      ]
    },
    {
      "mode": "managed",
      "type": "snowflake_role",
      "name": "writer",
      "provider": "provider[\"registry.terraform.io/snowflake-labs/snowflake\"]",
      "instances": [
        {
          "index_key": "DIGITALDA",
          "schema_version": 0,
          "attributes": {
            "comment": "",
            "id": "_WORKSPACE__DIGITALDA__WRITER",
            "name": "_WORKSPACE__DIGITALDA__WRITER",
            "tag": []
          },
          "sensitive_attributes": [],
          "private": "bnVsbA=="
        },
        {
          "index_key": "DIGITALDA_DBT",
          "schema_version": 0,
          "attributes": {
            "comment": "",
            "id": "_WORKSPACE__DIGITALDA_DBT__WRITER",
            "name": "_WORKSPACE__DIGITALDA_DBT__WRITER",
            "tag": []
          },
          "sensitive_attributes": [],
          "private": "bnVsbA=="
        },
        {
          "index_key": "DIGITALDA_DBT_STAGE",
          "schema_version": 0,
          "attributes": {
            "comment": "",
            "id": "_WORKSPACE__DIGITALDA_DBT_STAGE__WRITER",
            "name": "_WORKSPACE__DIGITALDA_DBT_STAGE__WRITER",
            "tag": []
          },
          "sensitive_attributes": [],
          "private": "bnVsbA=="
        },
        {
          "index_key": "DIGITALDA_STAGE",
          "schema_version": 0,
          "attributes": {
            "comment": "",
            "id": "_WORKSPACE__DIGITALDA_STAGE__WRITER",
            "name": "_WORKSPACE__DIGITALDA_STAGE__WRITER",
            "tag": []
          },
          "sensitive_attributes": [],
          "private": "bnVsbA=="
        },
        {
          "index_key": "FPNA",
          "schema_version": 0,
          "attributes": {
            "comment": "",
            "id": "_WORKSPACE__FPNA__WRITER",
            "name": "_WORKSPACE__FPNA__WRITER",
            "tag": []
          },
          "sensitive_attributes": [],
          "private": "bnVsbA=="
        },
        {
          "index_key": "RISK_STRATEGY",
          "schema_version": 0,
          "attributes": {
            "comment": "",
            "id": "_WORKSPACE__RISK_STRATEGY__WRITER",
            "name": "_WORKSPACE__RISK_STRATEGY__WRITER",
            "tag": []
          },
          "sensitive_attributes": [],
          "private": "bnVsbA=="
        },
        {
          "index_key": "SALESMKTG",
          "schema_version": 0,
          "attributes": {
            "comment": "",
            "id": "_WORKSPACE__SALESMKTG__WRITER",
            "name": "_WORKSPACE__SALESMKTG__WRITER",
            "tag": []
          },
          "sensitive_attributes": [],
          "private": "bnVsbA=="
        },
        {
          "index_key": "SALESMKTG_STAGE",
          "schema_version": 0,
          "attributes": {
            "comment": "",
            "id": "_WORKSPACE__SALESMKTG_STAGE__WRITER",
            "name": "_WORKSPACE__SALESMKTG_STAGE__WRITER",
            "tag": []
          },
          "sensitive_attributes": [],
          "private": "bnVsbA=="
        },
        {
          "index_key": "WORKSPACE_CREDIT_RISK",
          "schema_version": 0,
          "attributes": {
            "comment": "",
            "id": "_WORKSPACE__WORKSPACE_CREDIT_RISK__WRITER",
            "name": "_WORKSPACE__WORKSPACE_CREDIT_RISK__WRITER",
            "tag": []
          },
          "sensitive_attributes": [],
          "private": "bnVsbA=="
        }
      ]
    },
    {
      "mode": "managed",
      "type": "snowflake_role_grants",
      "name": "grant_reader_to_team",
      "provider": "provider[\"registry.terraform.io/snowflake-labs/snowflake\"]",
      "instances": [
        {
          "index_key": "DIGITALDA",
          "status": "tainted",
          "schema_version": 0,
          "attributes": {
            "enable_multiple_grants": false,
            "id": "_WORKSPACE__DIGITALDA__READER|SALESMKTG|",
            "role_name": "_WORKSPACE__DIGITALDA__READER",
            "roles": [
              "SALESMKTG"
            ],
            "users": null
          },
          "sensitive_attributes": [],
          "private": "bnVsbA==",
          "dependencies": [
            "snowflake_role.reader"
          ]
        },
        {
          "index_key": "DIGITALDA_DBT",
          "status": "tainted",
          "schema_version": 0,
          "attributes": {
            "enable_multiple_grants": false,
            "id": "_WORKSPACE__DIGITALDA_DBT__READER|SALESMKTG|",
            "role_name": "_WORKSPACE__DIGITALDA_DBT__READER",
            "roles": [
              "SALESMKTG"
            ],
            "users": null
          },
          "sensitive_attributes": [],
          "private": "bnVsbA==",
          "dependencies": [
            "snowflake_role.reader"
          ]
        }
      ]
    },
    {
      "mode": "managed",
      "type": "snowflake_role_grants",
      "name": "grant_writer_to_team",
      "provider": "provider[\"registry.terraform.io/snowflake-labs/snowflake\"]",
      "instances": [
        {
          "index_key": "DIGITALDA",
          "status": "tainted",
          "schema_version": 0,
          "attributes": {
            "enable_multiple_grants": false,
            "id": "_WORKSPACE__DIGITALDA__WRITER|DIGITALDA,PENG|",
            "role_name": "_WORKSPACE__DIGITALDA__WRITER",
            "roles": [
              "DIGITALDA",
              "PENG"
            ],
            "users": null
          },
          "sensitive_attributes": [],
          "private": "bnVsbA==",
          "dependencies": [
            "snowflake_role.writer"
          ]
        },
        {
          "index_key": "DIGITALDA_DBT",
          "status": "tainted",
          "schema_version": 0,
          "attributes": {
            "enable_multiple_grants": false,
            "id": "_WORKSPACE__DIGITALDA_DBT__WRITER|DIGITALDA,PENG|",
            "role_name": "_WORKSPACE__DIGITALDA_DBT__WRITER",
            "roles": [
              "DIGITALDA",
              "PENG"
            ],
            "users": null
          },
          "sensitive_attributes": [],
          "private": "bnVsbA==",
          "dependencies": [
            "snowflake_role.writer"
          ]
        },
        {
          "index_key": "DIGITALDA_DBT_STAGE",
          "status": "tainted",
          "schema_version": 0,
          "attributes": {
            "enable_multiple_grants": false,
            "id": "_WORKSPACE__DIGITALDA_DBT_STAGE__WRITER|DIGITALDA,PENG|",
            "role_name": "_WORKSPACE__DIGITALDA_DBT_STAGE__WRITER",
            "roles": [
              "DIGITALDA",
              "PENG"
            ],
            "users": null
          },
          "sensitive_attributes": [],
          "private": "bnVsbA==",
          "dependencies": [
            "snowflake_role.writer"
          ]
        },
        {
          "index_key": "DIGITALDA_STAGE",
          "status": "tainted",
          "schema_version": 0,
          "attributes": {
            "enable_multiple_grants": false,
            "id": "_WORKSPACE__DIGITALDA_STAGE__WRITER|DIGITALDA,PENG|",
            "role_name": "_WORKSPACE__DIGITALDA_STAGE__WRITER",
            "roles": [
              "DIGITALDA",
              "PENG"
            ],
            "users": null
          },
          "sensitive_attributes": [],
          "private": "bnVsbA==",
          "dependencies": [
            "snowflake_role.writer"
          ]
        },
        {
          "index_key": "FPNA",
          "status": "tainted",
          "schema_version": 0,
          "attributes": {
            "enable_multiple_grants": false,
            "id": "_WORKSPACE__FPNA__WRITER|FPNA,PENG|",
            "role_name": "_WORKSPACE__FPNA__WRITER",
            "roles": [
              "FPNA",
              "PENG"
            ],
            "users": null
          },
          "sensitive_attributes": [],
          "private": "bnVsbA==",
          "dependencies": [
            "snowflake_role.writer"
          ]
        },
        {
          "index_key": "RISK_STRATEGY",
          "status": "tainted",
          "schema_version": 0,
          "attributes": {
            "enable_multiple_grants": false,
            "id": "_WORKSPACE__RISK_STRATEGY__WRITER|RISK_STRATEGY,PENG|",
            "role_name": "_WORKSPACE__RISK_STRATEGY__WRITER",
            "roles": [
              "PENG",
              "RISK_STRATEGY"
            ],
            "users": null
          },
          "sensitive_attributes": [],
          "private": "bnVsbA==",
          "dependencies": [
            "snowflake_role.writer"
          ]
        },
        {
          "index_key": "SALESMKTG",
          "status": "tainted",
          "schema_version": 0,
          "attributes": {
            "enable_multiple_grants": false,
            "id": "_WORKSPACE__SALESMKTG__WRITER|SALESMKTG,DIGITALDA,PENG|",
            "role_name": "_WORKSPACE__SALESMKTG__WRITER",
            "roles": [
              "DIGITALDA",
              "PENG",
              "SALESMKTG"
            ],
            "users": null
          },
          "sensitive_attributes": [],
          "private": "bnVsbA==",
          "dependencies": [
            "snowflake_role.writer"
          ]
        },
        {
          "index_key": "SALESMKTG_STAGE",
          "status": "tainted",
          "schema_version": 0,
          "attributes": {
            "enable_multiple_grants": false,
            "id": "_WORKSPACE__SALESMKTG_STAGE__WRITER|SALESMKTG,DIGITALDA,PENG|",
            "role_name": "_WORKSPACE__SALESMKTG_STAGE__WRITER",
            "roles": [
              "DIGITALDA",
              "PENG",
              "SALESMKTG"
            ],
            "users": null
          },
          "sensitive_attributes": [],
          "private": "bnVsbA==",
          "dependencies": [
            "snowflake_role.writer"
          ]
        },
        {
          "index_key": "WORKSPACE_CREDIT_RISK",
          "status": "tainted",
          "schema_version": 0,
          "attributes": {
            "enable_multiple_grants": false,
            "id": "_WORKSPACE__WORKSPACE_CREDIT_RISK__WRITER|CREDIT_RISK,PENG|",
            "role_name": "_WORKSPACE__WORKSPACE_CREDIT_RISK__WRITER",
            "roles": [
              "CREDIT_RISK",
              "PENG"
            ],
            "users": null
          },
          "sensitive_attributes": [],
          "private": "bnVsbA==",
          "dependencies": [
            "snowflake_role.writer"
          ]
        }
      ]
    }
  ],
  "check_results": null
}
