{
  "version": 4,
  "terraform_version": "1.13.3",
  "serial": 253,
  "lineage": "ba10cfe2-caf9-b538-1872-5565403d66dc",
  "outputs": {
    "workspace_role_debug": {
      "value": {
        "DIGITALDA": {
          "name": "DIGITALDA",
          "relationship_service_reader": [],
          "relationship_service_writer": [
            "SALESMKTG_SVC"
          ],
          "relationship_team_reader": [
            "SALESMKTG"
          ],
          "relationship_team_writer": [
            "DIGITALDA"
          ]
        },
        "DIGITALDA_DBT": {
          "name": "DIGITALDA_DBT",
          "relationship_service_reader": [],
          "relationship_service_writer": [],
          "relationship_team_reader": [
            "SALESMKTG"
          ],
          "relationship_team_writer": [
            "DIGITALDA"
          ]
        },
        "DIGITALDA_DBT_STAGE": {
          "name": "DIGITALDA_DBT_STAGE",
          "relationship_service_reader": [],
          "relationship_service_writer": [],
          "relationship_team_reader": [],
          "relationship_team_writer": [
            "DIGITALDA"
          ]
        },
        "DIGITALDA_STAGE": {
          "name": "DIGITALDA_STAGE",
          "relationship_service_reader": [],
          "relationship_service_writer": [],
          "relationship_team_reader": [],
          "relationship_team_writer": [
            "DIGITALDA"
          ]
        },
        "FPNA": {
          "name": "FPNA",
          "relationship_service_reader": [],
          "relationship_service_writer": [],
          "relationship_team_reader": [],
          "relationship_team_writer": [
            "FPNA"
          ]
        },
        "RISK_STRATEGY": {
          "name": "RISK_STRATEGY",
          "relationship_service_reader": [],
          "relationship_service_writer": [],
          "relationship_team_reader": [],
          "relationship_team_writer": [
            "RISK_STRATEGY"
          ]
        },
        "SALESMKTG": {
          "name": "SALESMKTG",
          "relationship_service_reader": [],
          "relationship_service_writer": [
            "SALESMKTG_SAS"
          ],
          "relationship_team_reader": [],
          "relationship_team_writer": [
            "SALESMKTG",
            "DIGITALDA"
          ]
        },
        "SALESMKTG_STAGE": {
          "name": "SALESMKTG_STAGE",
          "relationship_service_reader": [],
          "relationship_service_writer": [
            "SALESMKTG_SAS"
          ],
          "relationship_team_reader": [],
          "relationship_team_writer": [
            "SALESMKTG",
            "DIGITALDA"
          ]
        },
        "WORKSPACE_CREDIT_RISK": {
          "name": "WORKSPACE_CREDIT_RISK",
          "relationship_service_reader": [],
          "relationship_service_writer": [],
          "relationship_team_reader": [],
          "relationship_team_writer": [
            "CREDIT_RISK"
          ]
        }
      },
      "type": [
        "map",
        [
          "object",
          {
            "name": "string",
            "relationship_service_reader": [
              "list",
              "string"
            ],
            "relationship_service_writer": [
              "list",
              "string"
            ],
            "relationship_team_reader": [
              "list",
              "string"
            ],
            "relationship_team_writer": [
              "list",
              "string"
            ]
          }
        ]
      ]
    }
  },
  "resources": [
    {
      "mode": "managed",
      "type": "snowflake_database",
      "name": "workspace",
      "provider": "provider[\"registry.terraform.io/snowflake-labs/snowflake\"]",
      "instances": [
        {
          "schema_version": 0,
          "attributes": {
            "comment": "",
            "data_retention_time_in_days": 1,
            "from_database": null,
            "from_replica": null,
            "from_share": null,
            "id": "WORKSPACE_NEW",
            "is_transient": false,
            "name": "WORKSPACE_NEW",
            "replication_configuration": []
          },
          "sensitive_attributes": [],
          "identity_schema_version": 0,
          "private": "bnVsbA=="
        }
      ]
    },
    {
      "mode": "managed",
      "type": "snowflake_role",
      "name": "reader",
      "provider": "provider[\"registry.terraform.io/snowflake-labs/snowflake\"]",
      "instances": [
        {
          "index_key": "DIGITALDA",
          "schema_version": 0,
          "attributes": {
            "comment": "",
            "id": "_WORKSPACE__DIGITALDA__READER",
            "name": "_WORKSPACE__DIGITALDA__READER",
            "tag": []
          },
          "sensitive_attributes": [],
          "identity_schema_version": 0,
          "private": "bnVsbA=="
        },
        {
          "index_key": "DIGITALDA_DBT",
          "schema_version": 0,
          "attributes": {
            "comment": "",
            "id": "_WORKSPACE__DIGITALDA_DBT__READER",
            "name": "_WORKSPACE__DIGITALDA_DBT__READER",
            "tag": []
          },
          "sensitive_attributes": [],
          "identity_schema_version": 0,
          "private": "bnVsbA=="
        },
        {
          "index_key": "DIGITALDA_DBT_STAGE",
          "schema_version": 0,
          "attributes": {
            "comment": "",
            "id": "_WORKSPACE__DIGITALDA_DBT_STAGE__READER",
            "name": "_WORKSPACE__DIGITALDA_DBT_STAGE__READER",
            "tag": []
          },
          "sensitive_attributes": [],
          "identity_schema_version": 0,
          "private": "bnVsbA=="
        },
        {
          "index_key": "DIGITALDA_STAGE",
          "schema_version": 0,
          "attributes": {
            "comment": "",
            "id": "_WORKSPACE__DIGITALDA_STAGE__READER",
            "name": "_WORKSPACE__DIGITALDA_STAGE__READER",
            "tag": []
          },
          "sensitive_attributes": [],
          "identity_schema_version": 0,
          "private": "bnVsbA=="
        },
        {
          "index_key": "FPNA",
          "schema_version": 0,
          "attributes": {
            "comment": "",
            "id": "_WORKSPACE__FPNA__READER",
            "name": "_WORKSPACE__FPNA__READER",
            "tag": []
          },
          "sensitive_attributes": [],
          "identity_schema_version": 0,
          "private": "bnVsbA=="
        },
        {
          "index_key": "RISK_STRATEGY",
          "schema_version": 0,
          "attributes": {
            "comment": "",
            "id": "_WORKSPACE__RISK_STRATEGY__READER",
            "name": "_WORKSPACE__RISK_STRATEGY__READER",
            "tag": []
          },
          "sensitive_attributes": [],
          "identity_schema_version": 0,
          "private": "bnVsbA=="
        },
        {
          "index_key": "SALESMKTG",
          "schema_version": 0,
          "attributes": {
            "comment": "",
            "id": "_WORKSPACE__SALESMKTG__READER",
            "name": "_WORKSPACE__SALESMKTG__READER",
            "tag": []
          },
          "sensitive_attributes": [],
          "identity_schema_version": 0,
          "private": "bnVsbA=="
        },
        {
          "index_key": "SALESMKTG_STAGE",
          "schema_version": 0,
          "attributes": {
            "comment": "",
            "id": "_WORKSPACE__SALESMKTG_STAGE__READER",
            "name": "_WORKSPACE__SALESMKTG_STAGE__READER",
            "tag": []
          },
          "sensitive_attributes": [],
          "identity_schema_version": 0,
          "private": "bnVsbA=="
        },
        {
          "index_key": "WORKSPACE_CREDIT_RISK",
          "schema_version": 0,
          "attributes": {
            "comment": "",
            "id": "_WORKSPACE__WORKSPACE_CREDIT_RISK__READER",
            "name": "_WORKSPACE__WORKSPACE_CREDIT_RISK__READER",
            "tag": []
          },
          "sensitive_attributes": [],
          "identity_schema_version": 0,
          "private": "bnVsbA=="
        }
      ]
    },
    {
      "mode": "managed",
      "type": "snowflake_role",
      "name": "team_roles",
      "provider": "provider[\"registry.terraform.io/snowflake-labs/snowflake\"]",
      "instances": [
        {
          "index_key": "CREDIT_RISK",
          "schema_version": 0,
          "attributes": {
            "comment": "",
            "id": "CREDIT_RISK",
            "name": "CREDIT_RISK",
            "tag": []
          },
          "sensitive_attributes": [],
          "identity_schema_version": 0,
          "private": "bnVsbA=="
        },
        {
          "index_key": "DIGITALDA",
          "schema_version": 0,
          "attributes": {
            "comment": "",
            "id": "DIGITALDA",
            "name": "DIGITALDA",
            "tag": []
          },
          "sensitive_attributes": [],
          "identity_schema_version": 0,
          "private": "bnVsbA=="
        },
        {
          "index_key": "DIGITALDA_DBT",
          "schema_version": 0,
          "attributes": {
            "comment": "",
            "id": "DIGITALDA_DBT",
            "name": "DIGITALDA_DBT",
            "tag": []
          },
          "sensitive_attributes": [],
          "identity_schema_version": 0,
          "private": "bnVsbA=="
        },
        {
          "index_key": "DIGITALDA_DBT_STAGE",
          "schema_version": 0,
          "attributes": {
            "comment": "",
            "id": "DIGITALDA_DBT_STAGE",
            "name": "DIGITALDA_DBT_STAGE",
            "tag": []
          },
          "sensitive_attributes": [],
          "identity_schema_version": 0,
          "private": "bnVsbA=="
        },
        {
          "index_key": "DIGITALDA_STAGE",
          "schema_version": 0,
          "attributes": {
            "comment": "",
            "id": "DIGITALDA_STAGE",
            "name": "DIGITALDA_STAGE",
            "tag": []
          },
          "sensitive_attributes": [],
          "identity_schema_version": 0,
          "private": "bnVsbA=="
        },
        {
          "index_key": "FPNA",
          "schema_version": 0,
          "attributes": {
            "comment": "",
            "id": "FPNA",
            "name": "FPNA",
            "tag": []
          },
          "sensitive_attributes": [],
          "identity_schema_version": 0,
          "private": "bnVsbA=="
        },
        {
          "index_key": "PENG",
          "schema_version": 0,
          "attributes": {
            "comment": "",
            "id": "PENG",
            "name": "PENG",
            "tag": []
          },
          "sensitive_attributes": [],
          "identity_schema_version": 0,
          "private": "bnVsbA=="
        },
        {
          "index_key": "RISK_STRATEGY",
          "schema_version": 0,
          "attributes": {
            "comment": "",
            "id": "RISK_STRATEGY",
            "name": "RISK_STRATEGY",
            "tag": []
          },
          "sensitive_attributes": [],
          "identity_schema_version": 0,
          "private": "bnVsbA=="
        },
        {
          "index_key": "SALESMKTG",
          "schema_version": 0,
          "attributes": {
            "comment": "",
            "id": "SALESMKTG",
            "name": "SALESMKTG",
            "tag": []
          },
          "sensitive_attributes": [],
          "identity_schema_version": 0,
          "private": "bnVsbA=="
        },
        {
          "index_key": "SALESMKTG_STAGE",
          "schema_version": 0,
          "attributes": {
            "comment": "",
            "id": "SALESMKTG_STAGE",
            "name": "SALESMKTG_STAGE",
            "tag": []
          },
          "sensitive_attributes": [],
          "identity_schema_version": 0,
          "private": "bnVsbA=="
        },
        {
          "index_key": "WORKSPACE_CREDIT_RISK",
          "schema_version": 0,
          "attributes": {
            "comment": "",
            "id": "WORKSPACE_CREDIT_RISK",
            "name": "WORKSPACE_CREDIT_RISK",
            "tag": []
          },
          "sensitive_attributes": [],
          "identity_schema_version": 0,
          "private": "bnVsbA=="
        }
      ]
    },
    {
      "mode": "managed",
      "type": "snowflake_role",
      "name": "writer",
      "provider": "provider[\"registry.terraform.io/snowflake-labs/snowflake\"]",
      "instances": [
        {
          "index_key": "DIGITALDA",
          "schema_version": 0,
          "attributes": {
            "comment": "",
            "id": "_WORKSPACE__DIGITALDA__WRITER",
            "name": "_WORKSPACE__DIGITALDA__WRITER",
            "tag": []
          },
          "sensitive_attributes": [],
          "identity_schema_version": 0,
          "private": "bnVsbA=="
        },
        {
          "index_key": "DIGITALDA_DBT",
          "schema_version": 0,
          "attributes": {
            "comment": "",
            "id": "_WORKSPACE__DIGITALDA_DBT__WRITER",
            "name": "_WORKSPACE__DIGITALDA_DBT__WRITER",
            "tag": []
          },
          "sensitive_attributes": [],
          "identity_schema_version": 0,
          "private": "bnVsbA=="
        },
        {
          "index_key": "DIGITALDA_DBT_STAGE",
          "schema_version": 0,
          "attributes": {
            "comment": "",
            "id": "_WORKSPACE__DIGITALDA_DBT_STAGE__WRITER",
            "name": "_WORKSPACE__DIGITALDA_DBT_STAGE__WRITER",
            "tag": []
          },
          "sensitive_attributes": [],
          "identity_schema_version": 0,
          "private": "bnVsbA=="
        },
        {
          "index_key": "DIGITALDA_STAGE",
          "schema_version": 0,
          "attributes": {
            "comment": "",
            "id": "_WORKSPACE__DIGITALDA_STAGE__WRITER",
            "name": "_WORKSPACE__DIGITALDA_STAGE__WRITER",
            "tag": []
          },
          "sensitive_attributes": [],
          "identity_schema_version": 0,
          "private": "bnVsbA=="
        },
        {
          "index_key": "FPNA",
          "schema_version": 0,
          "attributes": {
            "comment": "",
            "id": "_WORKSPACE__FPNA__WRITER",
            "name": "_WORKSPACE__FPNA__WRITER",
            "tag": []
          },
          "sensitive_attributes": [],
          "identity_schema_version": 0,
          "private": "bnVsbA=="
        },
        {
          "index_key": "RISK_STRATEGY",
          "schema_version": 0,
          "attributes": {
            "comment": "",
            "id": "_WORKSPACE__RISK_STRATEGY__WRITER",
            "name": "_WORKSPACE__RISK_STRATEGY__WRITER",
            "tag": []
          },
          "sensitive_attributes": [],
          "identity_schema_version": 0,
          "private": "bnVsbA=="
        },
        {
          "index_key": "SALESMKTG",
          "schema_version": 0,
          "attributes": {
            "comment": "",
            "id": "_WORKSPACE__SALESMKTG__WRITER",
            "name": "_WORKSPACE__SALESMKTG__WRITER",
            "tag": []
          },
          "sensitive_attributes": [],
          "identity_schema_version": 0,
          "private": "bnVsbA=="
        },
        {
          "index_key": "SALESMKTG_STAGE",
          "schema_version": 0,
          "attributes": {
            "comment": "",
            "id": "_WORKSPACE__SALESMKTG_STAGE__WRITER",
            "name": "_WORKSPACE__SALESMKTG_STAGE__WRITER",
            "tag": []
          },
          "sensitive_attributes": [],
          "identity_schema_version": 0,
          "private": "bnVsbA=="
        },
        {
          "index_key": "WORKSPACE_CREDIT_RISK",
          "schema_version": 0,
          "attributes": {
            "comment": "",
            "id": "_WORKSPACE__WORKSPACE_CREDIT_RISK__WRITER",
            "name": "_WORKSPACE__WORKSPACE_CREDIT_RISK__WRITER",
            "tag": []
          },
          "sensitive_attributes": [],
          "identity_schema_version": 0,
          "private": "bnVsbA=="
        }
      ]
    },
    {
      "mode": "managed",
      "type": "snowflake_role_grants",
      "name": "grant_reader_to_team",
      "provider": "provider[\"registry.terraform.io/snowflake-labs/snowflake\"]",
      "instances": [
        {
          "index_key": "DIGITALDA",
          "schema_version": 0,
          "attributes": {
            "enable_multiple_grants": false,
            "id": "_WORKSPACE__DIGITALDA__READER|SALESMKTG|",
            "role_name": "_WORKSPACE__DIGITALDA__READER",
            "roles": [
              "SALESMKTG"
            ],
            "users": []
          },
          "sensitive_attributes": [],
          "identity_schema_version": 0,
          "private": "bnVsbA==",
          "dependencies": [
            "snowflake_role.reader"
          ]
        },
        {
          "index_key": "DIGITALDA_DBT",
          "schema_version": 0,
          "attributes": {
            "enable_multiple_grants": false,
            "id": "_WORKSPACE__DIGITALDA_DBT__READER|SALESMKTG|",
            "role_name": "_WORKSPACE__DIGITALDA_DBT__READER",
            "roles": [
              "SALESMKTG"
            ],
            "users": []
          },
          "sensitive_attributes": [],
          "identity_schema_version": 0,
          "private": "bnVsbA==",
          "dependencies": [
            "snowflake_role.reader"
          ]
        }
      ]
    },
    {
      "mode": "managed",
      "type": "snowflake_role_grants",
      "name": "grant_writer_to_team",
      "provider": "provider[\"registry.terraform.io/snowflake-labs/snowflake\"]",
      "instances": [
        {
          "index_key": "DIGITALDA",
          "schema_version": 0,
          "attributes": {
            "enable_multiple_grants": false,
            "id": "_WORKSPACE__DIGITALDA__WRITER|DIGITALDA,PENG|",
            "role_name": "_WORKSPACE__DIGITALDA__WRITER",
            "roles": [
              "DIGITALDA",
              "PENG"
            ],
            "users": []
          },
          "sensitive_attributes": [],
          "identity_schema_version": 0,
          "private": "bnVsbA==",
          "dependencies": [
            "snowflake_role.writer"
          ]
        },
        {
          "index_key": "DIGITALDA_DBT",
          "schema_version": 0,
          "attributes": {
            "enable_multiple_grants": false,
            "id": "_WORKSPACE__DIGITALDA_DBT__WRITER|DIGITALDA,PENG|",
            "role_name": "_WORKSPACE__DIGITALDA_DBT__WRITER",
            "roles": [
              "DIGITALDA",
              "PENG"
            ],
            "users": []
          },
          "sensitive_attributes": [],
          "identity_schema_version": 0,
          "private": "bnVsbA==",
          "dependencies": [
            "snowflake_role.writer"
          ]
        },
        {
          "index_key": "DIGITALDA_DBT_STAGE",
          "schema_version": 0,
          "attributes": {
            "enable_multiple_grants": false,
            "id": "_WORKSPACE__DIGITALDA_DBT_STAGE__WRITER|DIGITALDA,PENG|",
            "role_name": "_WORKSPACE__DIGITALDA_DBT_STAGE__WRITER",
            "roles": [
              "DIGITALDA",
              "PENG"
            ],
            "users": []
          },
          "sensitive_attributes": [],
          "identity_schema_version": 0,
          "private": "bnVsbA==",
          "dependencies": [
            "snowflake_role.writer"
          ]
        },
        {
          "index_key": "DIGITALDA_STAGE",
          "schema_version": 0,
          "attributes": {
            "enable_multiple_grants": false,
            "id": "_WORKSPACE__DIGITALDA_STAGE__WRITER|DIGITALDA,PENG|",
            "role_name": "_WORKSPACE__DIGITALDA_STAGE__WRITER",
            "roles": [
              "DIGITALDA",
              "PENG"
            ],
            "users": []
          },
          "sensitive_attributes": [],
          "identity_schema_version": 0,
          "private": "bnVsbA==",
          "dependencies": [
            "snowflake_role.writer"
          ]
        },
        {
          "index_key": "FPNA",
          "schema_version": 0,
          "attributes": {
            "enable_multiple_grants": false,
            "id": "_WORKSPACE__FPNA__WRITER|FPNA,PENG|",
            "role_name": "_WORKSPACE__FPNA__WRITER",
            "roles": [
              "FPNA",
              "PENG"
            ],
            "users": []
          },
          "sensitive_attributes": [],
          "identity_schema_version": 0,
          "private": "bnVsbA==",
          "dependencies": [
            "snowflake_role.writer"
          ]
        },
        {
          "index_key": "RISK_STRATEGY",
          "schema_version": 0,
          "attributes": {
            "enable_multiple_grants": false,
            "id": "_WORKSPACE__RISK_STRATEGY__WRITER|PENG,RISK_STRATEGY|",
            "role_name": "_WORKSPACE__RISK_STRATEGY__WRITER",
            "roles": [
              "PENG",
              "RISK_STRATEGY"
            ],
            "users": []
          },
          "sensitive_attributes": [],
          "identity_schema_version": 0,
          "private": "bnVsbA==",
          "dependencies": [
            "snowflake_role.writer"
          ]
        },
        {
          "index_key": "SALESMKTG",
          "schema_version": 0,
          "attributes": {
            "enable_multiple_grants": false,
            "id": "_WORKSPACE__SALESMKTG__WRITER|DIGITALDA,PENG,SALESMKTG|",
            "role_name": "_WORKSPACE__SALESMKTG__WRITER",
            "roles": [
              "DIGITALDA",
              "PENG",
              "SALESMKTG"
            ],
            "users": []
          },
          "sensitive_attributes": [],
          "identity_schema_version": 0,
          "private": "bnVsbA==",
          "dependencies": [
            "snowflake_role.writer"
          ]
        },
        {
          "index_key": "SALESMKTG_STAGE",
          "schema_version": 0,
          "attributes": {
            "enable_multiple_grants": false,
            "id": "_WORKSPACE__SALESMKTG_STAGE__WRITER|DIGITALDA,PENG,SALESMKTG|",
            "role_name": "_WORKSPACE__SALESMKTG_STAGE__WRITER",
            "roles": [
              "DIGITALDA",
              "PENG",
              "SALESMKTG"
            ],
            "users": []
          },
          "sensitive_attributes": [],
          "identity_schema_version": 0,
          "private": "bnVsbA==",
          "dependencies": [
            "snowflake_role.writer"
          ]
        },
        {
          "index_key": "WORKSPACE_CREDIT_RISK",
          "schema_version": 0,
          "attributes": {
            "enable_multiple_grants": false,
            "id": "_WORKSPACE__WORKSPACE_CREDIT_RISK__WRITER|CREDIT_RISK,PENG|",
            "role_name": "_WORKSPACE__WORKSPACE_CREDIT_RISK__WRITER",
            "roles": [
              "CREDIT_RISK",
              "PENG"
            ],
            "users": []
          },
          "sensitive_attributes": [],
          "identity_schema_version": 0,
          "private": "bnVsbA==",
          "dependencies": [
            "snowflake_role.writer"
          ]
        }
      ]
    },
    {
      "mode": "managed",
      "type": "snowflake_schema",
      "name": "workspace_schema",
      "provider": "provider[\"registry.terraform.io/snowflake-labs/snowflake\"]",
      "instances": [
        {
          "index_key": "DIGITALDA",
          "schema_version": 0,
          "attributes": {
            "comment": "",
            "data_retention_days": 1,
            "database": "WORKSPACE_NEW",
            "id": "WORKSPACE_NEW|DIGITALDA",
            "is_managed": true,
            "is_transient": false,
            "name": "DIGITALDA",
            "tag": []
          },
          "sensitive_attributes": [],
          "identity_schema_version": 0,
          "private": "bnVsbA==",
          "dependencies": [
            "snowflake_database.workspace"
          ]
        },
        {
          "index_key": "DIGITALDA_DBT",
          "schema_version": 0,
          "attributes": {
            "comment": "",
            "data_retention_days": 1,
            "database": "WORKSPACE_NEW",
            "id": "WORKSPACE_NEW|DIGITALDA_DBT",
            "is_managed": true,
            "is_transient": false,
            "name": "DIGITALDA_DBT",
            "tag": []
          },
          "sensitive_attributes": [],
          "identity_schema_version": 0,
          "private": "bnVsbA==",
          "dependencies": [
            "snowflake_database.workspace"
          ]
        },
        {
          "index_key": "DIGITALDA_DBT_STAGE",
          "schema_version": 0,
          "attributes": {
            "comment": "",
            "data_retention_days": 1,
            "database": "WORKSPACE_NEW",
            "id": "WORKSPACE_NEW|DIGITALDA_DBT_STAGE",
            "is_managed": true,
            "is_transient": false,
            "name": "DIGITALDA_DBT_STAGE",
            "tag": []
          },
          "sensitive_attributes": [],
          "identity_schema_version": 0,
          "private": "bnVsbA==",
          "dependencies": [
            "snowflake_database.workspace"
          ]
        },
        {
          "index_key": "DIGITALDA_STAGE",
          "schema_version": 0,
          "attributes": {
            "comment": "",
            "data_retention_days": 1,
            "database": "WORKSPACE_NEW",
            "id": "WORKSPACE_NEW|DIGITALDA_STAGE",
            "is_managed": true,
            "is_transient": false,
            "name": "DIGITALDA_STAGE",
            "tag": []
          },
          "sensitive_attributes": [],
          "identity_schema_version": 0,
          "private": "bnVsbA==",
          "dependencies": [
            "snowflake_database.workspace"
          ]
        },
        {
          "index_key": "FPNA",
          "schema_version": 0,
          "attributes": {
            "comment": "",
            "data_retention_days": 1,
            "database": "WORKSPACE_NEW",
            "id": "WORKSPACE_NEW|FPNA",
            "is_managed": true,
            "is_transient": false,
            "name": "FPNA",
            "tag": []
          },
          "sensitive_attributes": [],
          "identity_schema_version": 0,
          "private": "bnVsbA==",
          "dependencies": [
            "snowflake_database.workspace"
          ]
        },
        {
          "index_key": "RISK_STRATEGY",
          "schema_version": 0,
          "attributes": {
            "comment": "",
            "data_retention_days": 1,
            "database": "WORKSPACE_NEW",
            "id": "WORKSPACE_NEW|RISK_STRATEGY",
            "is_managed": true,
            "is_transient": false,
            "name": "RISK_STRATEGY",
            "tag": []
          },
          "sensitive_attributes": [],
          "identity_schema_version": 0,
          "private": "bnVsbA==",
          "dependencies": [
            "snowflake_database.workspace"
          ]
        },
        {
          "index_key": "SALESMKTG",
          "schema_version": 0,
          "attributes": {
            "comment": "",
            "data_retention_days": 1,
            "database": "WORKSPACE_NEW",
            "id": "WORKSPACE_NEW|SALESMKTG",
            "is_managed": true,
            "is_transient": false,
            "name": "SALESMKTG",
            "tag": []
          },
          "sensitive_attributes": [],
          "identity_schema_version": 0,
          "private": "bnVsbA==",
          "dependencies": [
            "snowflake_database.workspace"
          ]
        },
        {
          "index_key": "SALESMKTG_STAGE",
          "schema_version": 0,
          "attributes": {
            "comment": "",
            "data_retention_days": 1,
            "database": "WORKSPACE_NEW",
            "id": "WORKSPACE_NEW|SALESMKTG_STAGE",
            "is_managed": true,
            "is_transient": false,
            "name": "SALESMKTG_STAGE",
            "tag": []
          },
          "sensitive_attributes": [],
          "identity_schema_version": 0,
          "private": "bnVsbA==",
          "dependencies": [
            "snowflake_database.workspace"
          ]
        },
        {
          "index_key": "WORKSPACE_CREDIT_RISK",
          "schema_version": 0,
          "attributes": {
            "comment": "",
            "data_retention_days": 1,
            "database": "WORKSPACE_NEW",
            "id": "WORKSPACE_NEW|WORKSPACE_CREDIT_RISK",
            "is_managed": true,
            "is_transient": false,
            "name": "WORKSPACE_CREDIT_RISK",
            "tag": []
          },
          "sensitive_attributes": [],
          "identity_schema_version": 0,
          "private": "bnVsbA==",
          "dependencies": [
            "snowflake_database.workspace"
          ]
        }
      ]
    },
    {
      "mode": "managed",
      "type": "snowflake_schema_grant",
      "name": "reader_grant",
      "provider": "provider[\"registry.terraform.io/snowflake-labs/snowflake\"]",
      "instances": [
        {
          "index_key": "DIGITALDA",
          "schema_version": 0,
          "attributes": {
            "database_name": "WORKSPACE_NEW",
            "enable_multiple_grants": false,
            "id": "WORKSPACE_NEW|DIGITALDA|USAGE|false|false|false|_WORKSPACE__DIGITALDA__READER|",
            "on_all": false,
            "on_future": false,
            "privilege": "USAGE",
            "revert_ownership_to_role_name": null,
            "roles": [
              "_WORKSPACE__DIGITALDA__READER"
            ],
            "schema_name": "DIGITALDA",
            "shares": null,
            "with_grant_option": false
          },
          "sensitive_attributes": [],
          "identity_schema_version": 0,
          "private": "bnVsbA==",
          "dependencies": [
            "snowflake_database.workspace",
            "snowflake_role.reader"
          ]
        },
        {
          "index_key": "DIGITALDA_DBT",
          "schema_version": 0,
          "attributes": {
            "database_name": "WORKSPACE_NEW",
            "enable_multiple_grants": false,
            "id": "WORKSPACE_NEW|DIGITALDA_DBT|USAGE|false|false|false|_WORKSPACE__DIGITALDA_DBT__READER|",
            "on_all": false,
            "on_future": false,
            "privilege": "USAGE",
            "revert_ownership_to_role_name": null,
            "roles": [
              "_WORKSPACE__DIGITALDA_DBT__READER"
            ],
            "schema_name": "DIGITALDA_DBT",
            "shares": null,
            "with_grant_option": false
          },
          "sensitive_attributes": [],
          "identity_schema_version": 0,
          "private": "bnVsbA==",
          "dependencies": [
            "snowflake_database.workspace",
            "snowflake_role.reader"
          ]
        },
        {
          "index_key": "DIGITALDA_DBT_STAGE",
          "schema_version": 0,
          "attributes": {
            "database_name": "WORKSPACE_NEW",
            "enable_multiple_grants": false,
            "id": "WORKSPACE_NEW|DIGITALDA_DBT_STAGE|USAGE|false|false|false|_WORKSPACE__DIGITALDA_DBT_STAGE__READER|",
            "on_all": false,
            "on_future": false,
            "privilege": "USAGE",
            "revert_ownership_to_role_name": null,
            "roles": [
              "_WORKSPACE__DIGITALDA_DBT_STAGE__READER"
            ],
            "schema_name": "DIGITALDA_DBT_STAGE",
            "shares": null,
            "with_grant_option": false
          },
          "sensitive_attributes": [],
          "identity_schema_version": 0,
          "private": "bnVsbA==",
          "dependencies": [
            "snowflake_database.workspace",
            "snowflake_role.reader"
          ]
        },
        {
          "index_key": "DIGITALDA_STAGE",
          "schema_version": 0,
          "attributes": {
            "database_name": "WORKSPACE_NEW",
            "enable_multiple_grants": false,
            "id": "WORKSPACE_NEW|DIGITALDA_STAGE|USAGE|false|false|false|_WORKSPACE__DIGITALDA_STAGE__READER|",
            "on_all": false,
            "on_future": false,
            "privilege": "USAGE",
            "revert_ownership_to_role_name": null,
            "roles": [
              "_WORKSPACE__DIGITALDA_STAGE__READER"
            ],
            "schema_name": "DIGITALDA_STAGE",
            "shares": null,
            "with_grant_option": false
          },
          "sensitive_attributes": [],
          "identity_schema_version": 0,
          "private": "bnVsbA==",
          "dependencies": [
            "snowflake_database.workspace",
            "snowflake_role.reader"
          ]
        },
        {
          "index_key": "FPNA",
          "schema_version": 0,
          "attributes": {
            "database_name": "WORKSPACE_NEW",
            "enable_multiple_grants": false,
            "id": "WORKSPACE_NEW|FPNA|USAGE|false|false|false|_WORKSPACE__FPNA__READER|",
            "on_all": false,
            "on_future": false,
            "privilege": "USAGE",
            "revert_ownership_to_role_name": null,
            "roles": [
              "_WORKSPACE__FPNA__READER"
            ],
            "schema_name": "FPNA",
            "shares": null,
            "with_grant_option": false
          },
          "sensitive_attributes": [],
          "identity_schema_version": 0,
          "private": "bnVsbA==",
          "dependencies": [
            "snowflake_database.workspace",
            "snowflake_role.reader"
          ]
        },
        {
          "index_key": "RISK_STRATEGY",
          "schema_version": 0,
          "attributes": {
            "database_name": "WORKSPACE_NEW",
            "enable_multiple_grants": false,
            "id": "WORKSPACE_NEW|RISK_STRATEGY|USAGE|false|false|false|_WORKSPACE__RISK_STRATEGY__READER|",
            "on_all": false,
            "on_future": false,
            "privilege": "USAGE",
            "revert_ownership_to_role_name": null,
            "roles": [
              "_WORKSPACE__RISK_STRATEGY__READER"
            ],
            "schema_name": "RISK_STRATEGY",
            "shares": null,
            "with_grant_option": false
          },
          "sensitive_attributes": [],
          "identity_schema_version": 0,
          "private": "bnVsbA==",
          "dependencies": [
            "snowflake_database.workspace",
            "snowflake_role.reader"
          ]
        },
        {
          "index_key": "SALESMKTG",
          "schema_version": 0,
          "attributes": {
            "database_name": "WORKSPACE_NEW",
            "enable_multiple_grants": false,
            "id": "WORKSPACE_NEW|SALESMKTG|USAGE|false|false|false|_WORKSPACE__SALESMKTG__READER|",
            "on_all": false,
            "on_future": false,
            "privilege": "USAGE",
            "revert_ownership_to_role_name": null,
            "roles": [
              "_WORKSPACE__SALESMKTG__READER"
            ],
            "schema_name": "SALESMKTG",
            "shares": null,
            "with_grant_option": false
          },
          "sensitive_attributes": [],
          "identity_schema_version": 0,
          "private": "bnVsbA==",
          "dependencies": [
            "snowflake_database.workspace",
            "snowflake_role.reader"
          ]
        },
        {
          "index_key": "SALESMKTG_STAGE",
          "schema_version": 0,
          "attributes": {
            "database_name": "WORKSPACE_NEW",
            "enable_multiple_grants": false,
            "id": "WORKSPACE_NEW|SALESMKTG_STAGE|USAGE|false|false|false|_WORKSPACE__SALESMKTG_STAGE__READER|",
            "on_all": false,
            "on_future": false,
            "privilege": "USAGE",
            "revert_ownership_to_role_name": null,
            "roles": [
              "_WORKSPACE__SALESMKTG_STAGE__READER"
            ],
            "schema_name": "SALESMKTG_STAGE",
            "shares": null,
            "with_grant_option": false
          },
          "sensitive_attributes": [],
          "identity_schema_version": 0,
          "private": "bnVsbA==",
          "dependencies": [
            "snowflake_database.workspace",
            "snowflake_role.reader"
          ]
        },
        {
          "index_key": "WORKSPACE_CREDIT_RISK",
          "schema_version": 0,
          "attributes": {
            "database_name": "WORKSPACE_NEW",
            "enable_multiple_grants": false,
            "id": "WORKSPACE_NEW|WORKSPACE_CREDIT_RISK|USAGE|false|false|false|_WORKSPACE__WORKSPACE_CREDIT_RISK__READER|",
            "on_all": false,
            "on_future": false,
            "privilege": "USAGE",
            "revert_ownership_to_role_name": null,
            "roles": [
              "_WORKSPACE__WORKSPACE_CREDIT_RISK__READER"
            ],
            "schema_name": "WORKSPACE_CREDIT_RISK",
            "shares": null,
            "with_grant_option": false
          },
          "sensitive_attributes": [],
          "identity_schema_version": 0,
          "private": "bnVsbA==",
          "dependencies": [
            "snowflake_database.workspace",
            "snowflake_role.reader"
          ]
        }
      ]
    },
    {
      "mode": "managed",
      "type": "snowflake_schema_grant",
      "name": "writer_grant",
      "provider": "provider[\"registry.terraform.io/snowflake-labs/snowflake\"]",
      "instances": [
        {
          "index_key": "DIGITALDA",
          "schema_version": 0,
          "attributes": {
            "database_name": "WORKSPACE_NEW",
            "enable_multiple_grants": false,
            "id": "WORKSPACE_NEW|DIGITALDA|USAGE|false|false|false|_WORKSPACE__DIGITALDA__WRITER|",
            "on_all": false,
            "on_future": false,
            "privilege": "USAGE",
            "revert_ownership_to_role_name": null,
            "roles": [
              "_WORKSPACE__DIGITALDA__WRITER"
            ],
            "schema_name": "DIGITALDA",
            "shares": null,
            "with_grant_option": false
          },
          "sensitive_attributes": [],
          "identity_schema_version": 0,
          "private": "bnVsbA==",
          "dependencies": [
            "snowflake_database.workspace",
            "snowflake_role.writer"
          ]
        },
        {
          "index_key": "DIGITALDA_DBT",
          "schema_version": 0,
          "attributes": {
            "database_name": "WORKSPACE_NEW",
            "enable_multiple_grants": false,
            "id": "WORKSPACE_NEW|DIGITALDA_DBT|USAGE|false|false|false|_WORKSPACE__DIGITALDA_DBT__WRITER|",
            "on_all": false,
            "on_future": false,
            "privilege": "USAGE",
            "revert_ownership_to_role_name": null,
            "roles": [
              "_WORKSPACE__DIGITALDA_DBT__WRITER"
            ],
            "schema_name": "DIGITALDA_DBT",
            "shares": null,
            "with_grant_option": false
          },
          "sensitive_attributes": [],
          "identity_schema_version": 0,
          "private": "bnVsbA==",
          "dependencies": [
            "snowflake_database.workspace",
            "snowflake_role.writer"
          ]
        },
        {
          "index_key": "DIGITALDA_DBT_STAGE",
          "schema_version": 0,
          "attributes": {
            "database_name": "WORKSPACE_NEW",
            "enable_multiple_grants": false,
            "id": "WORKSPACE_NEW|DIGITALDA_DBT_STAGE|USAGE|false|false|false|_WORKSPACE__DIGITALDA_DBT_STAGE__WRITER|",
            "on_all": false,
            "on_future": false,
            "privilege": "USAGE",
            "revert_ownership_to_role_name": null,
            "roles": [
              "_WORKSPACE__DIGITALDA_DBT_STAGE__WRITER"
            ],
            "schema_name": "DIGITALDA_DBT_STAGE",
            "shares": null,
            "with_grant_option": false
          },
          "sensitive_attributes": [],
          "identity_schema_version": 0,
          "private": "bnVsbA==",
          "dependencies": [
            "snowflake_database.workspace",
            "snowflake_role.writer"
          ]
        },
        {
          "index_key": "DIGITALDA_STAGE",
          "schema_version": 0,
          "attributes": {
            "database_name": "WORKSPACE_NEW",
            "enable_multiple_grants": false,
            "id": "WORKSPACE_NEW|DIGITALDA_STAGE|USAGE|false|false|false|_WORKSPACE__DIGITALDA_STAGE__WRITER|",
            "on_all": false,
            "on_future": false,
            "privilege": "USAGE",
            "revert_ownership_to_role_name": null,
            "roles": [
              "_WORKSPACE__DIGITALDA_STAGE__WRITER"
            ],
            "schema_name": "DIGITALDA_STAGE",
            "shares": null,
            "with_grant_option": false
          },
          "sensitive_attributes": [],
          "identity_schema_version": 0,
          "private": "bnVsbA==",
          "dependencies": [
            "snowflake_database.workspace",
            "snowflake_role.writer"
          ]
        },
        {
          "index_key": "RISK_STRATEGY",
          "schema_version": 0,
          "attributes": {
            "database_name": "WORKSPACE_NEW",
            "enable_multiple_grants": false,
            "id": "WORKSPACE_NEW|RISK_STRATEGY|USAGE|false|false|false|_WORKSPACE__RISK_STRATEGY__WRITER|",
            "on_all": false,
            "on_future": false,
            "privilege": "USAGE",
            "revert_ownership_to_role_name": null,
            "roles": [
              "_WORKSPACE__RISK_STRATEGY__WRITER"
            ],
            "schema_name": "RISK_STRATEGY",
            "shares": null,
            "with_grant_option": false
          },
          "sensitive_attributes": [],
          "identity_schema_version": 0,
          "private": "bnVsbA==",
          "dependencies": [
            "snowflake_database.workspace",
            "snowflake_role.writer"
          ]
        },
        {
          "index_key": "SALESMKTG",
          "schema_version": 0,
          "attributes": {
            "database_name": "WORKSPACE_NEW",
            "enable_multiple_grants": false,
            "id": "WORKSPACE_NEW|SALESMKTG|USAGE|false|false|false|_WORKSPACE__SALESMKTG__WRITER|",
            "on_all": false,
            "on_future": false,
            "privilege": "USAGE",
            "revert_ownership_to_role_name": null,
            "roles": [
              "_WORKSPACE__SALESMKTG__WRITER"
            ],
            "schema_name": "SALESMKTG",
            "shares": null,
            "with_grant_option": false
          },
          "sensitive_attributes": [],
          "identity_schema_version": 0,
          "private": "bnVsbA==",
          "dependencies": [
            "snowflake_database.workspace",
            "snowflake_role.writer"
          ]
        },
        {
          "index_key": "SALESMKTG_STAGE",
          "schema_version": 0,
          "attributes": {
            "database_name": "WORKSPACE_NEW",
            "enable_multiple_grants": false,
            "id": "WORKSPACE_NEW|SALESMKTG_STAGE|USAGE|false|false|false|_WORKSPACE__SALESMKTG_STAGE__WRITER|",
            "on_all": false,
            "on_future": false,
            "privilege": "USAGE",
            "revert_ownership_to_role_name": null,
            "roles": [
              "_WORKSPACE__SALESMKTG_STAGE__WRITER"
            ],
            "schema_name": "SALESMKTG_STAGE",
            "shares": null,
            "with_grant_option": false
          },
          "sensitive_attributes": [],
          "identity_schema_version": 0,
          "private": "bnVsbA==",
          "dependencies": [
            "snowflake_database.workspace",
            "snowflake_role.writer"
          ]
        },
        {
          "index_key": "WORKSPACE_CREDIT_RISK",
          "schema_version": 0,
          "attributes": {
            "database_name": "WORKSPACE_NEW",
            "enable_multiple_grants": false,
            "id": "WORKSPACE_NEW|WORKSPACE_CREDIT_RISK|USAGE|false|false|false|_WORKSPACE__WORKSPACE_CREDIT_RISK__WRITER|",
            "on_all": false,
            "on_future": false,
            "privilege": "USAGE",
            "revert_ownership_to_role_name": null,
            "roles": [
              "_WORKSPACE__WORKSPACE_CREDIT_RISK__WRITER"
            ],
            "schema_name": "WORKSPACE_CREDIT_RISK",
            "shares": null,
            "with_grant_option": false
          },
          "sensitive_attributes": [],
          "identity_schema_version": 0,
          "private": "bnVsbA==",
          "dependencies": [
            "snowflake_database.workspace",
            "snowflake_role.writer"
          ]
        }
      ]
    }
  ],
  "check_results": null
}
